// !$*UTF8*$!
{
	archiveVersion = 1;
	classes = {
	};
	objectVersion = 46;
	objects = {

/* Begin PBXBuildFile section */
		317919301CABB25900DB9A0A /* AppDelegate.swift in Sources */ = {isa = PBXBuildFile; fileRef = 3179192F1CABB25900DB9A0A /* AppDelegate.swift */; };
		317919321CABB25900DB9A0A /* ViewController.swift in Sources */ = {isa = PBXBuildFile; fileRef = 317919311CABB25900DB9A0A /* ViewController.swift */; };
		317919351CABB25900DB9A0A /* Main.storyboard in Resources */ = {isa = PBXBuildFile; fileRef = 317919331CABB25900DB9A0A /* Main.storyboard */; };
		317919381CABB25900DB9A0A /* D4.xcdatamodeld in Sources */ = {isa = PBXBuildFile; fileRef = 317919361CABB25900DB9A0A /* D4.xcdatamodeld */; };
		3179193A1CABB25900DB9A0A /* Assets.xcassets in Resources */ = {isa = PBXBuildFile; fileRef = 317919391CABB25900DB9A0A /* Assets.xcassets */; };
		3179193D1CABB25900DB9A0A /* LaunchScreen.storyboard in Resources */ = {isa = PBXBuildFile; fileRef = 3179193B1CABB25900DB9A0A /* LaunchScreen.storyboard */; };
/* End PBXBuildFile section */

/* Begin PBXFileReference section */
		3179192C1CABB25900DB9A0A /* D4.app */ = {isa = PBXFileReference; explicitFileType = wrapper.application; includeInIndex = 0; path = D4.app; sourceTree = BUILT_PRODUCTS_DIR; };
		3179192F1CABB25900DB9A0A /* AppDelegate.swift */ = {isa = PBXFileReference; lastKnownFileType = sourcecode.swift; path = AppDelegate.swift; sourceTree = "<group>"; };
		317919311CABB25900DB9A0A /* ViewController.swift */ = {isa = PBXFileReference; lastKnownFileType = sourcecode.swift; path = ViewController.swift; sourceTree = "<group>"; };
		317919341CABB25900DB9A0A /* Base */ = {isa = PBXFileReference; lastKnownFileType = file.storyboard; name = Base; path = Base.lproj/Main.storyboard; sourceTree = "<group>"; };
		317919371CABB25900DB9A0A /* D4.xcdatamodel */ = {isa = PBXFileReference; lastKnownFileType = wrapper.xcdatamodel; path = D4.xcdatamodel; sourceTree = "<group>"; };
		317919391CABB25900DB9A0A /* Assets.xcassets */ = {isa = PBXFileReference; lastKnownFileType = folder.assetcatalog; path = Assets.xcassets; sourceTree = "<group>"; };
		3179193C1CABB25900DB9A0A /* Base */ = {isa = PBXFileReference; lastKnownFileType = file.storyboard; name = Base; path = Base.lproj/LaunchScreen.storyboard; sourceTree = "<group>"; };
		3179193E1CABB25900DB9A0A /* Info.plist */ = {isa = PBXFileReference; lastKnownFileType = text.plist.xml; path = Info.plist; sourceTree = "<group>"; };
/* End PBXFileReference section */

/* Begin PBXFrameworksBuildPhase section */
		317919291CABB25900DB9A0A /* Frameworks */ = {
			isa = PBXFrameworksBuildPhase;
			buildActionMask = 2147483647;
			files = (
			);
			runOnlyForDeploymentPostprocessing = 0;
		};
/* End PBXFrameworksBuildPhase section */

/* Begin PBXGroup section */
		317919231CABB25900DB9A0A = {
			isa = PBXGroup;
			children = (
				3179192E1CABB25900DB9A0A /* D4 */,
				3179192D1CABB25900DB9A0A /* Products */,
			);
			sourceTree = "<group>";
		};
		3179192D1CABB25900DB9A0A /* Products */ = {
			isa = PBXGroup;
			children = (
				3179192C1CABB25900DB9A0A /* D4.app */,
			);
			name = Products;
			sourceTree = "<group>";
		};
		3179192E1CABB25900DB9A0A /* D4 */ = {
			isa = PBXGroup;
			children = (
				3179192F1CABB25900DB9A0A /* AppDelegate.swift */,
				317919311CABB25900DB9A0A /* ViewController.swift */,
				317919331CABB25900DB9A0A /* Main.storyboard */,
				317919391CABB25900DB9A0A /* Assets.xcassets */,
				3179193B1CABB25900DB9A0A /* LaunchScreen.storyboard */,
				3179193E1CABB25900DB9A0A /* Info.plist */,
				317919361CABB25900DB9A0A /* D4.xcdatamodeld */,
			);
			path = D4;
			sourceTree = "<group>";
		};
/* End PBXGroup section */

/* Begin PBXNativeTarget section */
		3179192B1CABB25900DB9A0A /* D4 */ = {
			isa = PBXNativeTarget;
			buildConfigurationList = 317919411CABB25900DB9A0A /* Build configuration list for PBXNativeTarget "D4" */;
			buildPhases = (
				317919281CABB25900DB9A0A /* Sources */,
				317919291CABB25900DB9A0A /* Frameworks */,
				3179192A1CABB25900DB9A0A /* Resources */,
			);
			buildRules = (
			);
			dependencies = (
			);
			name = D4;
			productName = D4;
			productReference = 3179192C1CABB25900DB9A0A /* D4.app */;
			productType = "com.apple.product-type.application";
		};
/* End PBXNativeTarget section */

/* Begin PBXProject section */
		317919241CABB25900DB9A0A /* Project object */ = {
			isa = PBXProject;
			attributes = {
				LastSwiftUpdateCheck = 0730;
				LastUpgradeCheck = 0730;
				ORGANIZATIONNAME = xiaoyao;
				TargetAttributes = {
					3179192B1CABB25900DB9A0A = {
						CreatedOnToolsVersion = 7.3;
					};
				};
			};
			buildConfigurationList = 317919271CABB25900DB9A0A /* Build configuration list for PBXProject "D4" */;
			compatibilityVersion = "Xcode 3.2";
			developmentRegion = English;
			hasScannedForEncodings = 0;
			knownRegions = (
				en,
				Base,
			);
			mainGroup = 317919231CABB25900DB9A0A;
			productRefGroup = 3179192D1CABB25900DB9A0A /* Products */;
			projectDirPath = "";
			projectRoot = "";
			targets = (
				3179192B1CABB25900DB9A0A /* D4 */,
			);
		};
/* End PBXProject section */

/* Begin PBXResourcesBuildPhase section */
		3179192A1CABB25900DB9A0A /* Resources */ = {
			isa = PBXResourcesBuildPhase;
			buildActionMask = 2147483647;
			files = (
				3179193D1CABB25900DB9A0A /* LaunchScreen.storyboard in Resources */,
				3179193A1CABB25900DB9A0A /* Assets.xcassets in Resources */,
				317919351CABB25900DB9A0A /* Main.storyboard in Resources */,
			);
			runOnlyForDeploymentPostprocessing = 0;
		};
/* End PBXResourcesBuildPhase section */

/* Begin PBXSourcesBuildPhase section */
		317919281CABB25900DB9A0A /* Sources */ = {
			isa = PBXSourcesBuildPhase;
			buildActionMask = 2147483647;
			files = (
				317919321CABB25900DB9A0A /* ViewController.swift in Sources */,
				317919301CABB25900DB9A0A /* AppDelegate.swift in Sources */,
				317919381CABB25900DB9A0A /* D4.xcdatamodeld in Sources */,
			);
			runOnlyForDeploymentPostprocessing = 0;
		};
/* End PBXSourcesBuildPhase section */

/* Begin PBXVariantGroup section */
		317919331CABB25900DB9A0A /* Main.storyboard */ = {
			isa = PBXVariantGroup;
			children = (
				317919341CABB25900DB9A0A /* Base */,
			);
			name = Main.storyboard;
			sourceTree = "<group>";
		};
		3179193B1CABB25900DB9A0A /* LaunchScreen.storyboard */ = {
			isa = PBXVariantGroup;
			children = (
				3179193C1CABB25900DB9A0A /* Base */,
			);
			name = LaunchScreen.storyboard;
			sourceTree = "<group>";
		};
/* End PBXVariantGroup section */

/* Begin XCBuildConfiguration section */
		3179193F1CABB25900DB9A0A /* Debug */ = {
			isa = XCBuildConfiguration;
			buildSettings = {
				ALWAYS_SEARCH_USER_PATHS = NO;
				CLANG_ANALYZER_NONNULL = YES;
				CLANG_CXX_LANGUAGE_STANDARD = "gnu++0x";
				CLANG_CXX_LIBRARY = "libc++";
				CLANG_ENABLE_MODULES = YES;
				CLANG_ENABLE_OBJC_ARC = YES;
				CLANG_WARN_BOOL_CONVERSION = YES;
				CLANG_WARN_CONSTANT_CONVERSION = YES;
				CLANG_WARN_DIRECT_OBJC_ISA_USAGE = YES_ERROR;
				CLANG_WARN_EMPTY_BODY = YES;
				CLANG_WARN_ENUM_CONVERSION = YES;
				CLANG_WARN_INT_CONVERSION = YES;
				CLANG_WARN_OBJC_ROOT_CLASS = YES_ERROR;
				CLANG_WARN_UNREACHABLE_CODE = YES;
				CLANG_WARN__DUPLICATE_METHOD_MATCH = YES;
				"CODE_SIGN_IDENTITY[sdk=iphoneos*]" = "iPhone Developer";
				COPY_PHASE_STRIP = NO;
				DEBUG_INFORMATION_FORMAT = dwarf;
				ENABLE_STRICT_OBJC_MSGSEND = YES;
				ENABLE_TESTABILITY = YES;
				GCC_C_LANGUAGE_STANDARD = gnu99;
				GCC_DYNAMIC_NO_PIC = NO;
				GCC_NO_COMMON_BLOCKS = YES;
				GCC_OPTIMIZATION_LEVEL = 0;
				GCC_PREPROCESSOR_DEFINITIONS = (
					"DEBUG=1",
					"$(inherited)",
				);
				GCC_WARN_64_TO_32_BIT_CONVERSION = YES;
				GCC_WARN_ABOUT_RETURN_TYPE = YES_ERROR;
				GCC_WARN_UNDECLARED_SELECTOR = YES;
				GCC_WARN_UNINITIALIZED_AUTOS = YES_AGGRESSIVE;
				GCC_WARN_UNUSED_FUNCTION = YES;
				GCC_WARN_UNUSED_VARIABLE = YES;
				IPHONEOS_DEPLOYMENT_TARGET = 9.3;
				MTL_ENABLE_DEBUG_INFO = YES;
				ONLY_ACTIVE_ARCH = YES;
				SDKROOT = iphoneos;
				SWIFT_OPTIMIZATION_LEVEL = "-Onone";
			};
			name = Debug;
		};
		317919401CABB25900DB9A0A /* Release */ = {
			isa = XCBuildConfiguration;
			buildSettings = {
				ALWAYS_SEARCH_USER_PATHS = NO;
				CLANG_ANALYZER_NONNULL = YES;
				CLANG_CXX_LANGUAGE_STANDARD = "gnu++0x";
				CLANG_CXX_LIBRARY = "libc++";
				CLANG_ENABLE_MODULES = YES;
				CLANG_ENABLE_OBJC_ARC = YES;
				CLANG_WARN_BOOL_CONVERSION = YES;
				CLANG_WARN_CONSTANT_CONVERSION = YES;
				CLANG_WARN_DIRECT_OBJC_ISA_USAGE = YES_ERROR;
				CLANG_WARN_EMPTY_BODY = YES;
				CLANG_WARN_ENUM_CONVERSION = YES;
				CLANG_WARN_INT_CONVERSION = YES;
				CLANG_WARN_OBJC_ROOT_CLASS = YES_ERROR;
				CLANG_WARN_UNREACHABLE_CODE = YES;
				CLANG_WARN__DUPLICATE_METHOD_MATCH = YES;
				"CODE_SIGN_IDENTITY[sdk=iphoneos*]" = "iPhone Developer";
				COPY_PHASE_STRIP = NO;
				DEBUG_INFORMATION_FORMAT = "dwarf-with-dsym";
				ENABLE_NS_ASSERTIONS = NO;
				ENABLE_STRICT_OBJC_MSGSEND = YES;
				GCC_C_LANGUAGE_STANDARD = gnu99;
				GCC_NO_COMMON_BLOCKS = YES;
				GCC_WARN_64_TO_32_BIT_CONVERSION = YES;
				GCC_WARN_ABOUT_RETURN_TYPE = YES_ERROR;
				GCC_WARN_UNDECLARED_SELECTOR = YES;
				GCC_WARN_UNINITIALIZED_AUTOS = YES_AGGRESSIVE;
				GCC_WARN_UNUSED_FUNCTION = YES;
				GCC_WARN_UNUSED_VARIABLE = YES;
				IPHONEOS_DEPLOYMENT_TARGET = 9.3;
				MTL_ENABLE_DEBUG_INFO = NO;
				SDKROOT = iphoneos;
				VALIDATE_PRODUCT = YES;
			};
			name = Release;
		};
		317919421CABB25900DB9A0A /* Debug */ = {
			isa = XCBuildConfiguration;
			buildSettings = {
				ASSETCATALOG_COMPILER_APPICON_NAME = AppIcon;
				INFOPLIST_FILE = D4/Info.plist;
				LD_RUNPATH_SEARCH_PATHS = "$(inherited) @executable_path/Frameworks";
				PRODUCT_BUNDLE_IDENTIFIER = myname.com.D4;
				PRODUCT_NAME = "$(TARGET_NAME)";
			};
			name = Debug;
		};
		317919431CABB25900DB9A0A /* Release */ = {
			isa = XCBuildConfiguration;
			buildSettings = {
				ASSETCATALOG_COMPILER_APPICON_NAME = AppIcon;
				INFOPLIST_FILE = D4/Info.plist;
				LD_RUNPATH_SEARCH_PATHS = "$(inherited) @executable_path/Frameworks";
				PRODUCT_BUNDLE_IDENTIFIER = myname.com.D4;
				PRODUCT_NAME = "$(TARGET_NAME)";
			};
			name = Release;
		};
/* End XCBuildConfiguration section */

/* Begin XCConfigurationList section */
		317919271CABB25900DB9A0A /* Build configuration list for PBXProject "D4" */ = {
			isa = XCConfigurationList;
			buildConfigurations = (
				3179193F1CABB25900DB9A0A /* Debug */,
				317919401CABB25900DB9A0A /* Release */,
			);
			defaultConfigurationIsVisible = 0;
			defaultConfigurationName = Release;
		};
		317919411CABB25900DB9A0A /* Build configuration list for PBXNativeTarget "D4" */ = {
			isa = XCConfigurationList;
			buildConfigurations = (
				317919421CABB25900DB9A0A /* Debug */,
				317919431CABB25900DB9A0A /* Release */,
			);
			defaultConfigurationIsVisible = 0;
		};
/* End XCConfigurationList section */

/* Begin XCVersionGroup section */
		317919361CABB25900DB9A0A /* D4.xcdatamodeld */ = {
			isa = XCVersionGroup;
			children = (
				317919371CABB25900DB9A0A /* D4.xcdatamodel */,
			);
			currentVersion = 317919371CABB25900DB9A0A /* D4.xcdatamodel */;
			path = D4.xcdatamodeld;
			sourceTree = "<group>";
			versionGroupType = wrapper.xcdatamodel;
		};
/* End XCVersionGroup section */
	};
	rootObject = 317919241CABB25900DB9A0A /* Project object */;
}
